
Microsoft Visual Studio Solution File, Format Version 12.00
# Visual Studio Version 16
VisualStudioVersion = 16.0.29709.97
MinimumVisualStudioVersion = 10.0.40219.1
Project("{FAE04EC0-301F-11D3-BF4B-00C04F79EFBC}") = "pa6-almarc", "pa6-almarc\pa6-almarc.csproj", "{83CF9AB5-2CB2-484E-AF20-B59D02C52842}"
EndProject
Global
	GlobalSection(SolutionConfigurationPlatforms) = preSolution
		Debug|Any CPU = Debug|Any CPU
		Release|Any CPU = Release|Any CPU
	EndGlobalSection
	GlobalSection(ProjectConfigurationPlatforms) = postSolution
		{83CF9AB5-2CB2-484E-AF20-B59D02C52842}.Debug|Any CPU.ActiveCfg = Debug|Any CPU
		{83CF9AB5-2CB2-484E-AF20-B59D02C52842}.Debug|Any CPU.Build.0 = Debug|Any CPU
		{83CF9AB5-2CB2-484E-AF20-B59D02C52842}.Release|Any CPU.ActiveCfg = Release|Any CPU
		{83CF9AB5-2CB2-484E-AF20-B59D02C52842}.Release|Any CPU.Build.0 = Release|Any CPU
	EndGlobalSection
	GlobalSection(SolutionProperties) = preSolution
		HideSolutionNode = FALSE
	EndGlobalSection
	GlobalSection(ExtensibilityGlobals) = postSolution
		SolutionGuid = {923B9DD4-73D3-4CEE-A3BA-AED94B5C957C}
	EndGlobalSection
EndGlobal
